# This file is automatically @generated by Cargo.
# It is not intended for manual editing.
version = 4

[[package]]
name = "use-adjacency"
version = "0.0.1"

[[package]]
name = "use-edge"
version = "0.0.1"

[[package]]
name = "use-graph"
version = "0.0.1"
dependencies = [
 "use-adjacency",
 "use-edge",
 "use-graph-metrics",
 "use-graph-path",
 "use-graph-traversal",
 "use-node",
 "use-weighted-graph",
]

[[package]]
name = "use-graph-metrics"
version = "0.0.1"

[[package]]
name = "use-graph-path"
version = "0.0.1"

[[package]]
name = "use-graph-traversal"
version = "0.0.1"

[[package]]
name = "use-node"
version = "0.0.1"

[[package]]
name = "use-weighted-graph"
version = "0.0.1"
